{
  "name": "walk-the-planck",
  "version": "1.0.0",
  "lockfileVersion": 3,
  "requires": true,
  "packages": {
    "": {
      "name": "walk-the-planck",
      "version": "1.0.0",
      "license": "ISC",
      "dependencies": {
        "@ohlabs/js-chain": "^1.1.0"
      }
    },
    "node_modules/@ohlabs/configuration": {
      "version": "0.0.2",
      "resolved": "https://registry.npmjs.org/@ohlabs/configuration/-/configuration-0.0.2.tgz",
      "integrity": "sha512-2Kup//UjWWGnG+dtixXqlXTUzRo6pX1ALYUtm4FpnEkKARgUlUYWMKFTHVoZibcmB2DsGwa0mkCThrwojCp9dw==",
      "license": "MIT"
    },
    "node_modules/@ohlabs/js-chain": {
      "version": "1.1.0",
      "resolved": "https://registry.npmjs.org/@ohlabs/js-chain/-/js-chain-1.1.0.tgz",
      "integrity": "sha512-GqVacDoRFaiPGTgniXtW5CiKcvYEVFRYXOUaegqxNacRfhEl79lHlmI0hnhtNOXuv2SgkFfCoIwFApiD3xQ4cA==",
      "license": "MIT",
      "dependencies": {
        "@ohlabs/configuration": "^0.0.2",
        "@ohlabs/js-core": "^3.0.0"
      }
    },
    "node_modules/@ohlabs/js-core": {
      "version": "3.0.4",
      "resolved": "https://registry.npmjs.org/@ohlabs/js-core/-/js-core-3.0.4.tgz",
      "integrity": "sha512-ZxYdLY2Xx537Vaz/D2gMsj5jMSfc2963jsQqX58eIOgaM7ne37g24z7gvRrHRGSBiH6b8OaEAqw4Vqcyg3zDfQ==",
      "license": "MIT"
    }
  }
}
